
Microsoft Visual Studio Solution File, Format Version 12.00
# Visual Studio 15
VisualStudioVersion = 15.0.28307.106
MinimumVisualStudioVersion = 10.0.40219.1
Project("{FAE04EC0-301F-11D3-BF4B-00C04F79EFBC}") = "Counter-PointOfSale", "Counter-PointOfSale\Counter-PointOfSale.csproj", "{90B78F95-8423-4A7D-9E68-BDB5B73C62FC}"
EndProject
Global
	GlobalSection(SolutionConfigurationPlatforms) = preSolution
		Debug|Any CPU = Debug|Any CPU
		Release|Any CPU = Release|Any CPU
	EndGlobalSection
	GlobalSection(ProjectConfigurationPlatforms) = postSolution
		{90B78F95-8423-4A7D-9E68-BDB5B73C62FC}.Debug|Any CPU.ActiveCfg = Debug|Any CPU
		{90B78F95-8423-4A7D-9E68-BDB5B73C62FC}.Debug|Any CPU.Build.0 = Debug|Any CPU
		{90B78F95-8423-4A7D-9E68-BDB5B73C62FC}.Release|Any CPU.ActiveCfg = Release|Any CPU
		{90B78F95-8423-4A7D-9E68-BDB5B73C62FC}.Release|Any CPU.Build.0 = Release|Any CPU
	EndGlobalSection
	GlobalSection(SolutionProperties) = preSolution
		HideSolutionNode = FALSE
	EndGlobalSection
	GlobalSection(ExtensibilityGlobals) = postSolution
		SolutionGuid = {EF534246-DC22-4121-AE01-CC69AF900EB3}
	EndGlobalSection
EndGlobal
