
Microsoft Visual Studio Solution File, Format Version 12.00
# Visual Studio Version 16
VisualStudioVersion = 16.0.28729.10
MinimumVisualStudioVersion = 10.0.40219.1
Project("{FAE04EC0-301F-11D3-BF4B-00C04F79EFBC}") = "SendEmailInAsp.netCore", "SendEmailInAsp.netCore\SendEmailInAsp.netCore.csproj", "{B1584A18-F6BB-49CC-B493-9F185776B7D3}"
EndProject
Global
	GlobalSection(SolutionConfigurationPlatforms) = preSolution
		Debug|Any CPU = Debug|Any CPU
		Release|Any CPU = Release|Any CPU
	EndGlobalSection
	GlobalSection(ProjectConfigurationPlatforms) = postSolution
		{B1584A18-F6BB-49CC-B493-9F185776B7D3}.Debug|Any CPU.ActiveCfg = Debug|Any CPU
		{B1584A18-F6BB-49CC-B493-9F185776B7D3}.Debug|Any CPU.Build.0 = Debug|Any CPU
		{B1584A18-F6BB-49CC-B493-9F185776B7D3}.Release|Any CPU.ActiveCfg = Release|Any CPU
		{B1584A18-F6BB-49CC-B493-9F185776B7D3}.Release|Any CPU.Build.0 = Release|Any CPU
	EndGlobalSection
	GlobalSection(SolutionProperties) = preSolution
		HideSolutionNode = FALSE
	EndGlobalSection
	GlobalSection(ExtensibilityGlobals) = postSolution
		SolutionGuid = {31DC1C2E-DE62-47D4-AD28-A949F2EA585C}
	EndGlobalSection
EndGlobal
