
Microsoft Visual Studio Solution File, Format Version 12.00
# Visual Studio 15
VisualStudioVersion = 15.0.28010.0
MinimumVisualStudioVersion = 10.0.40219.1
Project("{FAE04EC0-301F-11D3-BF4B-00C04F79EFBC}") = "WebApplication1", "WebApplication1\WebApplication1.csproj", "{15063591-9822-4DA4-AC6E-8EA63F096988}"
EndProject
Global
	GlobalSection(SolutionConfigurationPlatforms) = preSolution
		Debug|Any CPU = Debug|Any CPU
		Release|Any CPU = Release|Any CPU
	EndGlobalSection
	GlobalSection(ProjectConfigurationPlatforms) = postSolution
		{15063591-9822-4DA4-AC6E-8EA63F096988}.Debug|Any CPU.ActiveCfg = Debug|Any CPU
		{15063591-9822-4DA4-AC6E-8EA63F096988}.Debug|Any CPU.Build.0 = Debug|Any CPU
		{15063591-9822-4DA4-AC6E-8EA63F096988}.Release|Any CPU.ActiveCfg = Release|Any CPU
		{15063591-9822-4DA4-AC6E-8EA63F096988}.Release|Any CPU.Build.0 = Release|Any CPU
	EndGlobalSection
	GlobalSection(SolutionProperties) = preSolution
		HideSolutionNode = FALSE
	EndGlobalSection
	GlobalSection(ExtensibilityGlobals) = postSolution
		SolutionGuid = {4DBEED7E-88D5-4FF4-AED2-31106DBFE983}
	EndGlobalSection
EndGlobal
