
Microsoft Visual Studio Solution File, Format Version 12.00
# Visual Studio 15
VisualStudioVersion = 15.0.28307.106
MinimumVisualStudioVersion = 10.0.40219.1
Project("{FAE04EC0-301F-11D3-BF4B-00C04F79EFBC}") = "ShopCashier", "ShopCashier\ShopCashier.csproj", "{18999C6D-F91F-495B-902F-CDA281E28F55}"
EndProject
Global
	GlobalSection(SolutionConfigurationPlatforms) = preSolution
		Debug|Any CPU = Debug|Any CPU
		Release|Any CPU = Release|Any CPU
	EndGlobalSection
	GlobalSection(ProjectConfigurationPlatforms) = postSolution
		{18999C6D-F91F-495B-902F-CDA281E28F55}.Debug|Any CPU.ActiveCfg = Debug|Any CPU
		{18999C6D-F91F-495B-902F-CDA281E28F55}.Debug|Any CPU.Build.0 = Debug|Any CPU
		{18999C6D-F91F-495B-902F-CDA281E28F55}.Release|Any CPU.ActiveCfg = Release|Any CPU
		{18999C6D-F91F-495B-902F-CDA281E28F55}.Release|Any CPU.Build.0 = Release|Any CPU
	EndGlobalSection
	GlobalSection(SolutionProperties) = preSolution
		HideSolutionNode = FALSE
	EndGlobalSection
	GlobalSection(ExtensibilityGlobals) = postSolution
		SolutionGuid = {AA7F63C0-781A-47E4-90B3-786B8307C7AA}
	EndGlobalSection
EndGlobal
